
Microsoft Visual Studio Solution File, Format Version 12.00
# Visual Studio Version 16
VisualStudioVersion = 16.0.30717.126
MinimumVisualStudioVersion = 10.0.40219.1
Project("{FAE04EC0-301F-11D3-BF4B-00C04F79EFBC}") = "MyVet.Common", "MyVet.Common\MyVet.Common.csproj", "{9AFC3CDC-01FE-441C-B9E6-3F501F162103}"
EndProject
Project("{FAE04EC0-301F-11D3-BF4B-00C04F79EFBC}") = "MyVet.Web", "MyVet.Web\MyVet.Web.csproj", "{F76C41E9-9A07-4256-87EA-D4606FA42395}"
EndProject
Global
	GlobalSection(SolutionConfigurationPlatforms) = preSolution
		Debug|Any CPU = Debug|Any CPU
		Release|Any CPU = Release|Any CPU
	EndGlobalSection
	GlobalSection(ProjectConfigurationPlatforms) = postSolution
		{9AFC3CDC-01FE-441C-B9E6-3F501F162103}.Debug|Any CPU.ActiveCfg = Debug|Any CPU
		{9AFC3CDC-01FE-441C-B9E6-3F501F162103}.Debug|Any CPU.Build.0 = Debug|Any CPU
		{9AFC3CDC-01FE-441C-B9E6-3F501F162103}.Release|Any CPU.ActiveCfg = Release|Any CPU
		{9AFC3CDC-01FE-441C-B9E6-3F501F162103}.Release|Any CPU.Build.0 = Release|Any CPU
		{F76C41E9-9A07-4256-87EA-D4606FA42395}.Debug|Any CPU.ActiveCfg = Debug|Any CPU
		{F76C41E9-9A07-4256-87EA-D4606FA42395}.Debug|Any CPU.Build.0 = Debug|Any CPU
		{F76C41E9-9A07-4256-87EA-D4606FA42395}.Release|Any CPU.ActiveCfg = Release|Any CPU
		{F76C41E9-9A07-4256-87EA-D4606FA42395}.Release|Any CPU.Build.0 = Release|Any CPU
	EndGlobalSection
	GlobalSection(SolutionProperties) = preSolution
		HideSolutionNode = FALSE
	EndGlobalSection
	GlobalSection(ExtensibilityGlobals) = postSolution
		SolutionGuid = {47437C96-6767-49B4-8893-D51CB70F44AC}
	EndGlobalSection
EndGlobal
